// !$*UTF8*$!
{
	archiveVersion = 1;
	classes = {
	};
	objectVersion = 55;
	objects = {

/* Begin PBXBuildFile section */
		2A07BFF826FB8F5B00774DBC /* AppDelegate.swift in Sources */ = {isa = PBXBuildFile; fileRef = 2A07BFF726FB8F5B00774DBC /* AppDelegate.swift */; };
		2A07C00126FB8F5D00774DBC /* Assets.xcassets in Resources */ = {isa = PBXBuildFile; fileRef = 2A07C00026FB8F5D00774DBC /* Assets.xcassets */; };
		2A07C00426FB8F5D00774DBC /* LaunchScreen.storyboard in Resources */ = {isa = PBXBuildFile; fileRef = 2A07C00226FB8F5D00774DBC /* LaunchScreen.storyboard */; };
		2A07C01426FCDF0B00774DBC /* FirstViewController.swift in Sources */ = {isa = PBXBuildFile; fileRef = 2A07C01326FCDF0B00774DBC /* FirstViewController.swift */; };
		2A07C01726FCDF2000774DBC /* First.storyboard in Resources */ = {isa = PBXBuildFile; fileRef = 2A07C01626FCDF2000774DBC /* First.storyboard */; };
		2A07C01926FCE79B00774DBC /* Router.swift in Sources */ = {isa = PBXBuildFile; fileRef = 2A07C01826FCE79B00774DBC /* Router.swift */; };
		2A07C01C26FF37B100774DBC /* Second.storyboard in Resources */ = {isa = PBXBuildFile; fileRef = 2A07C01B26FF37B100774DBC /* Second.storyboard */; };
		2A07C01F26FF382700774DBC /* SecondViewController.swift in Sources */ = {isa = PBXBuildFile; fileRef = 2A07C01E26FF382700774DBC /* SecondViewController.swift */; };
		2A07C02126FF3D9E00774DBC /* ThirdViewController.swift in Sources */ = {isa = PBXBuildFile; fileRef = 2A07C02026FF3D9E00774DBC /* ThirdViewController.swift */; };
		2A07C02426FF3DB100774DBC /* Third.storyboard in Resources */ = {isa = PBXBuildFile; fileRef = 2A07C02326FF3DB100774DBC /* Third.storyboard */; };
		2A07C02626FF62E300774DBC /* Storyboard+.swift in Sources */ = {isa = PBXBuildFile; fileRef = 2A07C02526FF62E300774DBC /* Storyboard+.swift */; };
		2A07C02926FF645300774DBC /* UserDefault+.swift in Sources */ = {isa = PBXBuildFile; fileRef = 2A07C02826FF645300774DBC /* UserDefault+.swift */; };
/* End PBXBuildFile section */

/* Begin PBXFileReference section */
		2A07BFF426FB8F5B00774DBC /* SampleRouter.app */ = {isa = PBXFileReference; explicitFileType = wrapper.application; includeInIndex = 0; path = SampleRouter.app; sourceTree = BUILT_PRODUCTS_DIR; };
		2A07BFF726FB8F5B00774DBC /* AppDelegate.swift */ = {isa = PBXFileReference; lastKnownFileType = sourcecode.swift; path = AppDelegate.swift; sourceTree = "<group>"; };
		2A07C00026FB8F5D00774DBC /* Assets.xcassets */ = {isa = PBXFileReference; lastKnownFileType = folder.assetcatalog; path = Assets.xcassets; sourceTree = "<group>"; };
		2A07C00326FB8F5D00774DBC /* Base */ = {isa = PBXFileReference; lastKnownFileType = file.storyboard; name = Base; path = Base.lproj/LaunchScreen.storyboard; sourceTree = "<group>"; };
		2A07C00526FB8F5D00774DBC /* Info.plist */ = {isa = PBXFileReference; lastKnownFileType = text.plist.xml; path = Info.plist; sourceTree = "<group>"; };
		2A07C01326FCDF0B00774DBC /* FirstViewController.swift */ = {isa = PBXFileReference; lastKnownFileType = sourcecode.swift; path = FirstViewController.swift; sourceTree = "<group>"; };
		2A07C01626FCDF2000774DBC /* First.storyboard */ = {isa = PBXFileReference; lastKnownFileType = file.storyboard; path = First.storyboard; sourceTree = "<group>"; };
		2A07C01826FCE79B00774DBC /* Router.swift */ = {isa = PBXFileReference; lastKnownFileType = sourcecode.swift; path = Router.swift; sourceTree = "<group>"; };
		2A07C01B26FF37B100774DBC /* Second.storyboard */ = {isa = PBXFileReference; lastKnownFileType = file.storyboard; path = Second.storyboard; sourceTree = "<group>"; };
		2A07C01E26FF382700774DBC /* SecondViewController.swift */ = {isa = PBXFileReference; lastKnownFileType = sourcecode.swift; path = SecondViewController.swift; sourceTree = "<group>"; };
		2A07C02026FF3D9E00774DBC /* ThirdViewController.swift */ = {isa = PBXFileReference; lastKnownFileType = sourcecode.swift; path = ThirdViewController.swift; sourceTree = "<group>"; };
		2A07C02326FF3DB100774DBC /* Third.storyboard */ = {isa = PBXFileReference; lastKnownFileType = file.storyboard; path = Third.storyboard; sourceTree = "<group>"; };
		2A07C02526FF62E300774DBC /* Storyboard+.swift */ = {isa = PBXFileReference; lastKnownFileType = sourcecode.swift; path = "Storyboard+.swift"; sourceTree = "<group>"; };
		2A07C02826FF645300774DBC /* UserDefault+.swift */ = {isa = PBXFileReference; lastKnownFileType = sourcecode.swift; path = "UserDefault+.swift"; sourceTree = "<group>"; };
/* End PBXFileReference section */

/* Begin PBXFrameworksBuildPhase section */
		2A07BFF126FB8F5B00774DBC /* Frameworks */ = {
			isa = PBXFrameworksBuildPhase;
			buildActionMask = 2147483647;
			files = (
			);
			runOnlyForDeploymentPostprocessing = 0;
		};
/* End PBXFrameworksBuildPhase section */

/* Begin PBXGroup section */
		2A07BFEB26FB8F5B00774DBC = {
			isa = PBXGroup;
			children = (
				2A07BFF626FB8F5B00774DBC /* SampleRouter */,
				2A07BFF526FB8F5B00774DBC /* Products */,
			);
			sourceTree = "<group>";
		};
		2A07BFF526FB8F5B00774DBC /* Products */ = {
			isa = PBXGroup;
			children = (
				2A07BFF426FB8F5B00774DBC /* SampleRouter.app */,
			);
			name = Products;
			sourceTree = "<group>";
		};
		2A07BFF626FB8F5B00774DBC /* SampleRouter */ = {
			isa = PBXGroup;
			children = (
				2A07BFF726FB8F5B00774DBC /* AppDelegate.swift */,
				2A07C00026FB8F5D00774DBC /* Assets.xcassets */,
				2A07C00226FB8F5D00774DBC /* LaunchScreen.storyboard */,
				2A07C00526FB8F5D00774DBC /* Info.plist */,
				2A07C02726FF62E800774DBC /* Extension */,
				2A07C01526FCDF1200774DBC /* First */,
				2A07C01D26FF37D900774DBC /* Second */,
				2A07C01A26FCE7AA00774DBC /* Router */,
				2A07C02226FF3DA300774DBC /* Third */,
			);
			path = SampleRouter;
			sourceTree = "<group>";
		};
		2A07C01526FCDF1200774DBC /* First */ = {
			isa = PBXGroup;
			children = (
				2A07C01326FCDF0B00774DBC /* FirstViewController.swift */,
				2A07C01626FCDF2000774DBC /* First.storyboard */,
			);
			path = First;
			sourceTree = "<group>";
		};
		2A07C01A26FCE7AA00774DBC /* Router */ = {
			isa = PBXGroup;
			children = (
				2A07C01826FCE79B00774DBC /* Router.swift */,
			);
			path = Router;
			sourceTree = "<group>";
		};
		2A07C01D26FF37D900774DBC /* Second */ = {
			isa = PBXGroup;
			children = (
				2A07C01B26FF37B100774DBC /* Second.storyboard */,
				2A07C01E26FF382700774DBC /* SecondViewController.swift */,
			);
			name = Second;
			path = ..;
			sourceTree = "<group>";
		};
		2A07C02226FF3DA300774DBC /* Third */ = {
			isa = PBXGroup;
			children = (
				2A07C02026FF3D9E00774DBC /* ThirdViewController.swift */,
				2A07C02326FF3DB100774DBC /* Third.storyboard */,
			);
			path = Third;
			sourceTree = "<group>";
		};
		2A07C02726FF62E800774DBC /* Extension */ = {
			isa = PBXGroup;
			children = (
				2A07C02526FF62E300774DBC /* Storyboard+.swift */,
				2A07C02826FF645300774DBC /* UserDefault+.swift */,
			);
			path = Extension;
			sourceTree = "<group>";
		};
/* End PBXGroup section */

/* Begin PBXNativeTarget section */
		2A07BFF326FB8F5B00774DBC /* SampleRouter */ = {
			isa = PBXNativeTarget;
			buildConfigurationList = 2A07C00826FB8F5D00774DBC /* Build configuration list for PBXNativeTarget "SampleRouter" */;
			buildPhases = (
				2A07BFF026FB8F5B00774DBC /* Sources */,
				2A07BFF126FB8F5B00774DBC /* Frameworks */,
				2A07BFF226FB8F5B00774DBC /* Resources */,
			);
			buildRules = (
			);
			dependencies = (
			);
			name = SampleRouter;
			productName = SampleRouter;
			productReference = 2A07BFF426FB8F5B00774DBC /* SampleRouter.app */;
			productType = "com.apple.product-type.application";
		};
/* End PBXNativeTarget section */

/* Begin PBXProject section */
		2A07BFEC26FB8F5B00774DBC /* Project object */ = {
			isa = PBXProject;
			attributes = {
				BuildIndependentTargetsInParallel = 1;
				LastSwiftUpdateCheck = 1300;
				LastUpgradeCheck = 1300;
				TargetAttributes = {
					2A07BFF326FB8F5B00774DBC = {
						CreatedOnToolsVersion = 13.0;
					};
				};
			};
			buildConfigurationList = 2A07BFEF26FB8F5B00774DBC /* Build configuration list for PBXProject "SampleRouter" */;
			compatibilityVersion = "Xcode 13.0";
			developmentRegion = en;
			hasScannedForEncodings = 0;
			knownRegions = (
				en,
				Base,
			);
			mainGroup = 2A07BFEB26FB8F5B00774DBC;
			productRefGroup = 2A07BFF526FB8F5B00774DBC /* Products */;
			projectDirPath = "";
			projectRoot = "";
			targets = (
				2A07BFF326FB8F5B00774DBC /* SampleRouter */,
			);
		};
/* End PBXProject section */

/* Begin PBXResourcesBuildPhase section */
		2A07BFF226FB8F5B00774DBC /* Resources */ = {
			isa = PBXResourcesBuildPhase;
			buildActionMask = 2147483647;
			files = (
				2A07C01C26FF37B100774DBC /* Second.storyboard in Resources */,
				2A07C00426FB8F5D00774DBC /* LaunchScreen.storyboard in Resources */,
				2A07C00126FB8F5D00774DBC /* Assets.xcassets in Resources */,
				2A07C01726FCDF2000774DBC /* First.storyboard in Resources */,
				2A07C02426FF3DB100774DBC /* Third.storyboard in Resources */,
			);
			runOnlyForDeploymentPostprocessing = 0;
		};
/* End PBXResourcesBuildPhase section */

/* Begin PBXSourcesBuildPhase section */
		2A07BFF026FB8F5B00774DBC /* Sources */ = {
			isa = PBXSourcesBuildPhase;
			buildActionMask = 2147483647;
			files = (
				2A07C01F26FF382700774DBC /* SecondViewController.swift in Sources */,
				2A07BFF826FB8F5B00774DBC /* AppDelegate.swift in Sources */,
				2A07C02626FF62E300774DBC /* Storyboard+.swift in Sources */,
				2A07C02126FF3D9E00774DBC /* ThirdViewController.swift in Sources */,
				2A07C01926FCE79B00774DBC /* Router.swift in Sources */,
				2A07C02926FF645300774DBC /* UserDefault+.swift in Sources */,
				2A07C01426FCDF0B00774DBC /* FirstViewController.swift in Sources */,
			);
			runOnlyForDeploymentPostprocessing = 0;
		};
/* End PBXSourcesBuildPhase section */

/* Begin PBXVariantGroup section */
		2A07C00226FB8F5D00774DBC /* LaunchScreen.storyboard */ = {
			isa = PBXVariantGroup;
			children = (
				2A07C00326FB8F5D00774DBC /* Base */,
			);
			name = LaunchScreen.storyboard;
			sourceTree = "<group>";
		};
/* End PBXVariantGroup section */

/* Begin XCBuildConfiguration section */
		2A07C00626FB8F5D00774DBC /* Debug */ = {
			isa = XCBuildConfiguration;
			buildSettings = {
				ALWAYS_SEARCH_USER_PATHS = NO;
				CLANG_ANALYZER_NONNULL = YES;
				CLANG_ANALYZER_NUMBER_OBJECT_CONVERSION = YES_AGGRESSIVE;
				CLANG_CXX_LANGUAGE_STANDARD = "gnu++17";
				CLANG_CXX_LIBRARY = "libc++";
				CLANG_ENABLE_MODULES = YES;
				CLANG_ENABLE_OBJC_ARC = YES;
				CLANG_ENABLE_OBJC_WEAK = YES;
				CLANG_WARN_BLOCK_CAPTURE_AUTORELEASING = YES;
				CLANG_WARN_BOOL_CONVERSION = YES;
				CLANG_WARN_COMMA = YES;
				CLANG_WARN_CONSTANT_CONVERSION = YES;
				CLANG_WARN_DEPRECATED_OBJC_IMPLEMENTATIONS = YES;
				CLANG_WARN_DIRECT_OBJC_ISA_USAGE = YES_ERROR;
				CLANG_WARN_DOCUMENTATION_COMMENTS = YES;
				CLANG_WARN_EMPTY_BODY = YES;
				CLANG_WARN_ENUM_CONVERSION = YES;
				CLANG_WARN_INFINITE_RECURSION = YES;
				CLANG_WARN_INT_CONVERSION = YES;
				CLANG_WARN_NON_LITERAL_NULL_CONVERSION = YES;
				CLANG_WARN_OBJC_IMPLICIT_RETAIN_SELF = YES;
				CLANG_WARN_OBJC_LITERAL_CONVERSION = YES;
				CLANG_WARN_OBJC_ROOT_CLASS = YES_ERROR;
				CLANG_WARN_QUOTED_INCLUDE_IN_FRAMEWORK_HEADER = YES;
				CLANG_WARN_RANGE_LOOP_ANALYSIS = YES;
				CLANG_WARN_STRICT_PROTOTYPES = YES;
				CLANG_WARN_SUSPICIOUS_MOVE = YES;
				CLANG_WARN_UNGUARDED_AVAILABILITY = YES_AGGRESSIVE;
				CLANG_WARN_UNREACHABLE_CODE = YES;
				CLANG_WARN__DUPLICATE_METHOD_MATCH = YES;
				COPY_PHASE_STRIP = NO;
				DEBUG_INFORMATION_FORMAT = dwarf;
				ENABLE_STRICT_OBJC_MSGSEND = YES;
				ENABLE_TESTABILITY = YES;
				GCC_C_LANGUAGE_STANDARD = gnu11;
				GCC_DYNAMIC_NO_PIC = NO;
				GCC_NO_COMMON_BLOCKS = YES;
				GCC_OPTIMIZATION_LEVEL = 0;
				GCC_PREPROCESSOR_DEFINITIONS = (
					"DEBUG=1",
					"$(inherited)",
				);
				GCC_WARN_64_TO_32_BIT_CONVERSION = YES;
				GCC_WARN_ABOUT_RETURN_TYPE = YES_ERROR;
				GCC_WARN_UNDECLARED_SELECTOR = YES;
				GCC_WARN_UNINITIALIZED_AUTOS = YES_AGGRESSIVE;
				GCC_WARN_UNUSED_FUNCTION = YES;
				GCC_WARN_UNUSED_VARIABLE = YES;
				IPHONEOS_DEPLOYMENT_TARGET = 12.0;
				MTL_ENABLE_DEBUG_INFO = INCLUDE_SOURCE;
				MTL_FAST_MATH = YES;
				ONLY_ACTIVE_ARCH = YES;
				SDKROOT = iphoneos;
				SWIFT_ACTIVE_COMPILATION_CONDITIONS = DEBUG;
				SWIFT_OPTIMIZATION_LEVEL = "-Onone";
			};
			name = Debug;
		};
		2A07C00726FB8F5D00774DBC /* Release */ = {
			isa = XCBuildConfiguration;
			buildSettings = {
				ALWAYS_SEARCH_USER_PATHS = NO;
				CLANG_ANALYZER_NONNULL = YES;
				CLANG_ANALYZER_NUMBER_OBJECT_CONVERSION = YES_AGGRESSIVE;
				CLANG_CXX_LANGUAGE_STANDARD = "gnu++17";
				CLANG_CXX_LIBRARY = "libc++";
				CLANG_ENABLE_MODULES = YES;
				CLANG_ENABLE_OBJC_ARC = YES;
				CLANG_ENABLE_OBJC_WEAK = YES;
				CLANG_WARN_BLOCK_CAPTURE_AUTORELEASING = YES;
				CLANG_WARN_BOOL_CONVERSION = YES;
				CLANG_WARN_COMMA = YES;
				CLANG_WARN_CONSTANT_CONVERSION = YES;
				CLANG_WARN_DEPRECATED_OBJC_IMPLEMENTATIONS = YES;
				CLANG_WARN_DIRECT_OBJC_ISA_USAGE = YES_ERROR;
				CLANG_WARN_DOCUMENTATION_COMMENTS = YES;
				CLANG_WARN_EMPTY_BODY = YES;
				CLANG_WARN_ENUM_CONVERSION = YES;
				CLANG_WARN_INFINITE_RECURSION = YES;
				CLANG_WARN_INT_CONVERSION = YES;
				CLANG_WARN_NON_LITERAL_NULL_CONVERSION = YES;
				CLANG_WARN_OBJC_IMPLICIT_RETAIN_SELF = YES;
				CLANG_WARN_OBJC_LITERAL_CONVERSION = YES;
				CLANG_WARN_OBJC_ROOT_CLASS = YES_ERROR;
				CLANG_WARN_QUOTED_INCLUDE_IN_FRAMEWORK_HEADER = YES;
				CLANG_WARN_RANGE_LOOP_ANALYSIS = YES;
				CLANG_WARN_STRICT_PROTOTYPES = YES;
				CLANG_WARN_SUSPICIOUS_MOVE = YES;
				CLANG_WARN_UNGUARDED_AVAILABILITY = YES_AGGRESSIVE;
				CLANG_WARN_UNREACHABLE_CODE = YES;
				CLANG_WARN__DUPLICATE_METHOD_MATCH = YES;
				COPY_PHASE_STRIP = NO;
				DEBUG_INFORMATION_FORMAT = "dwarf-with-dsym";
				ENABLE_NS_ASSERTIONS = NO;
				ENABLE_STRICT_OBJC_MSGSEND = YES;
				GCC_C_LANGUAGE_STANDARD = gnu11;
				GCC_NO_COMMON_BLOCKS = YES;
				GCC_WARN_64_TO_32_BIT_CONVERSION = YES;
				GCC_WARN_ABOUT_RETURN_TYPE = YES_ERROR;
				GCC_WARN_UNDECLARED_SELECTOR = YES;
				GCC_WARN_UNINITIALIZED_AUTOS = YES_AGGRESSIVE;
				GCC_WARN_UNUSED_FUNCTION = YES;
				GCC_WARN_UNUSED_VARIABLE = YES;
				IPHONEOS_DEPLOYMENT_TARGET = 12.0;
				MTL_ENABLE_DEBUG_INFO = NO;
				MTL_FAST_MATH = YES;
				SDKROOT = iphoneos;
				SWIFT_COMPILATION_MODE = wholemodule;
				SWIFT_OPTIMIZATION_LEVEL = "-O";
				VALIDATE_PRODUCT = YES;
			};
			name = Release;
		};
		2A07C00926FB8F5D00774DBC /* Debug */ = {
			isa = XCBuildConfiguration;
			buildSettings = {
				ASSETCATALOG_COMPILER_APPICON_NAME = AppIcon;
				ASSETCATALOG_COMPILER_GLOBAL_ACCENT_COLOR_NAME = AccentColor;
				CODE_SIGN_STYLE = Automatic;
				CURRENT_PROJECT_VERSION = 1;
				DEVELOPMENT_TEAM = BGM5JPJHA4;
				GENERATE_INFOPLIST_FILE = YES;
				INFOPLIST_FILE = SampleRouter/Info.plist;
				INFOPLIST_KEY_UIApplicationSupportsIndirectInputEvents = YES;
				INFOPLIST_KEY_UILaunchStoryboardName = LaunchScreen;
				INFOPLIST_KEY_UISupportedInterfaceOrientations_iPad = "UIInterfaceOrientationPortrait UIInterfaceOrientationPortraitUpsideDown UIInterfaceOrientationLandscapeLeft UIInterfaceOrientationLandscapeRight";
				INFOPLIST_KEY_UISupportedInterfaceOrientations_iPhone = "UIInterfaceOrientationPortrait UIInterfaceOrientationLandscapeLeft UIInterfaceOrientationLandscapeRight";
				LD_RUNPATH_SEARCH_PATHS = (
					"$(inherited)",
					"@executable_path/Frameworks",
				);
				MARKETING_VERSION = 1.0;
				PRODUCT_BUNDLE_IDENTIFIER = "com.basketball0607-gmail.base.SampleRouter";
				PRODUCT_NAME = "$(TARGET_NAME)";
				SWIFT_EMIT_LOC_STRINGS = YES;
				SWIFT_VERSION = 5.0;
				TARGETED_DEVICE_FAMILY = "1,2";
			};
			name = Debug;
		};
		2A07C00A26FB8F5D00774DBC /* Release */ = {
			isa = XCBuildConfiguration;
			buildSettings = {
				ASSETCATALOG_COMPILER_APPICON_NAME = AppIcon;
				ASSETCATALOG_COMPILER_GLOBAL_ACCENT_COLOR_NAME = AccentColor;
				CODE_SIGN_STYLE = Automatic;
				CURRENT_PROJECT_VERSION = 1;
				DEVELOPMENT_TEAM = BGM5JPJHA4;
				GENERATE_INFOPLIST_FILE = YES;
				INFOPLIST_FILE = SampleRouter/Info.plist;
				INFOPLIST_KEY_UIApplicationSupportsIndirectInputEvents = YES;
				INFOPLIST_KEY_UILaunchStoryboardName = LaunchScreen;
				INFOPLIST_KEY_UISupportedInterfaceOrientations_iPad = "UIInterfaceOrientationPortrait UIInterfaceOrientationPortraitUpsideDown UIInterfaceOrientationLandscapeLeft UIInterfaceOrientationLandscapeRight";
				INFOPLIST_KEY_UISupportedInterfaceOrientations_iPhone = "UIInterfaceOrientationPortrait UIInterfaceOrientationLandscapeLeft UIInterfaceOrientationLandscapeRight";
				LD_RUNPATH_SEARCH_PATHS = (
					"$(inherited)",
					"@executable_path/Frameworks",
				);
				MARKETING_VERSION = 1.0;
				PRODUCT_BUNDLE_IDENTIFIER = "com.basketball0607-gmail.base.SampleRouter";
				PRODUCT_NAME = "$(TARGET_NAME)";
				SWIFT_EMIT_LOC_STRINGS = YES;
				SWIFT_VERSION = 5.0;
				TARGETED_DEVICE_FAMILY = "1,2";
			};
			name = Release;
		};
/* End XCBuildConfiguration section */

/* Begin XCConfigurationList section */
		2A07BFEF26FB8F5B00774DBC /* Build configuration list for PBXProject "SampleRouter" */ = {
			isa = XCConfigurationList;
			buildConfigurations = (
				2A07C00626FB8F5D00774DBC /* Debug */,
				2A07C00726FB8F5D00774DBC /* Release */,
			);
			defaultConfigurationIsVisible = 0;
			defaultConfigurationName = Release;
		};
		2A07C00826FB8F5D00774DBC /* Build configuration list for PBXNativeTarget "SampleRouter" */ = {
			isa = XCConfigurationList;
			buildConfigurations = (
				2A07C00926FB8F5D00774DBC /* Debug */,
				2A07C00A26FB8F5D00774DBC /* Release */,
			);
			defaultConfigurationIsVisible = 0;
			defaultConfigurationName = Release;
		};
/* End XCConfigurationList section */
	};
	rootObject = 2A07BFEC26FB8F5B00774DBC /* Project object */;
}
